
Microsoft Visual Studio Solution File, Format Version 12.00
# Visual Studio Version 17
VisualStudioVersion = 17.5.33530.505
MinimumVisualStudioVersion = 10.0.40219.1
Project("{FAE04EC0-301F-11D3-BF4B-00C04F79EFBC}") = "LoginAPI - ASP.NET Core", "LoginAPI - ASP.NET Core.csproj", "{2A75B067-607B-4E96-86F0-F05BBC35391A}"
EndProject
Global
	GlobalSection(SolutionConfigurationPlatforms) = preSolution
		Debug|Any CPU = Debug|Any CPU
		Release|Any CPU = Release|Any CPU
	EndGlobalSection
	GlobalSection(ProjectConfigurationPlatforms) = postSolution
		{2A75B067-607B-4E96-86F0-F05BBC35391A}.Debug|Any CPU.ActiveCfg = Debug|Any CPU
		{2A75B067-607B-4E96-86F0-F05BBC35391A}.Debug|Any CPU.Build.0 = Debug|Any CPU
		{2A75B067-607B-4E96-86F0-F05BBC35391A}.Release|Any CPU.ActiveCfg = Release|Any CPU
		{2A75B067-607B-4E96-86F0-F05BBC35391A}.Release|Any CPU.Build.0 = Release|Any CPU
	EndGlobalSection
	GlobalSection(SolutionProperties) = preSolution
		HideSolutionNode = FALSE
	EndGlobalSection
	GlobalSection(ExtensibilityGlobals) = postSolution
		SolutionGuid = {2D3E38E5-ADC1-42CB-A77F-F19BB0830A73}
	EndGlobalSection
EndGlobal
